<?xml version="1.0" encoding="utf-8"?>
<Project ToolsVersion="4.0" xmlns="http://schemas.microsoft.com/developer/msbuild/2003">
  <ItemGroup>
    <Filter Include="소스 파일">
      <UniqueIdentifier>{4FC737F1-C7A5-4376-A066-2A32D752A2FF}</UniqueIdentifier>
      <Extensions>cpp;c;cc;cxx;c++;cppm;ixx;def;odl;idl;hpj;bat;asm;asmx</Extensions>
    </Filter>
    <Filter Include="리소스 파일">
      <UniqueIdentifier>{67DA6AB6-F800-4c08-8B7A-83BB121AAD01}</UniqueIdentifier>
      <Extensions>rc;ico;cur;bmp;dlg;rc2;rct;bin;rgs;gif;jpg;jpeg;jpe;resx;tiff;tif;png;wav;mfcribbon-ms</Extensions>
    </Filter>
    <Filter Include="소스 파일\Memory">
      <UniqueIdentifier>{10bed66a-64b1-4a9f-b164-948be3b57ad5}</UniqueIdentifier>
    </Filter>
    <Filter Include="소스 파일\DataStructure">
      <UniqueIdentifier>{d7013d6d-dec7-4ad2-a0e7-863f33e85fbb}</UniqueIdentifier>
    </Filter>
    <Filter Include="소스 파일\NetLib">
      <UniqueIdentifier>{db66cadc-469d-44d5-a451-c37dc1d802e4}</UniqueIdentifier>
    </Filter>
    <Filter Include="소스 파일\Utils">
      <UniqueIdentifier>{9a541056-b47f-4e2c-b97b-2b63b89106aa}</UniqueIdentifier>
    </Filter>
  </ItemGroup>
  <ItemGroup>
    <ClInclude Include="CNetServer.h">
      <Filter>소스 파일\NetLib</Filter>
    </ClInclude>
    <ClInclude Include="pch.h">
      <Filter>소스 파일\Utils</Filter>
    </ClInclude>
    <ClInclude Include="Profiler.h">
      <Filter>소스 파일\Utils</Filter>
    </ClInclude>
    <ClInclude Include="TypeDefine.h">
      <Filter>소스 파일\Utils</Filter>
    </ClInclude>
    <ClInclude Include="RingBuffer.h">
      <Filter>소스 파일\DataStructure</Filter>
    </ClInclude>
    <ClInclude Include="Packet.h">
      <Filter>소스 파일\DataStructure</Filter>
    </ClInclude>
    <ClInclude Include="PacketPtr.h">
      <Filter>소스 파일\DataStructure</Filter>
    </ClInclude>
    <ClInclude Include="MemoryPool.h">
      <Filter>소스 파일\Memory</Filter>
    </ClInclude>
    <ClInclude Include="MemoryPoolTLS.h">
      <Filter>소스 파일\Memory</Filter>
    </ClInclude>
    <ClInclude Include="LockFreeQueue.h">
      <Filter>소스 파일\DataStructure</Filter>
    </ClInclude>
    <ClInclude Include="LockFreeStack.h">
      <Filter>소스 파일\DataStructure</Filter>
    </ClInclude>
    <ClInclude Include="Macro.h">
      <Filter>소스 파일\Utils</Filter>
    </ClInclude>
    <ClInclude Include="CrashDump.h">
      <Filter>소스 파일\Utils</Filter>
    </ClInclude>
    <ClInclude Include="Chunk.h">
      <Filter>소스 파일\Memory</Filter>
    </ClInclude>
    <ClInclude Include="Global.h">
      <Filter>소스 파일\Utils</Filter>
    </ClInclude>
    <ClInclude Include="Parser.h">
      <Filter>소스 파일\Utils</Filter>
    </ClInclude>
    <ClInclude Include="Logger.h">
      <Filter>소스 파일\Utils</Filter>
    </ClInclude>
  </ItemGroup>
  <ItemGroup>
    <ClCompile Include="CNetServer.cpp">
      <Filter>소스 파일\NetLib</Filter>
    </ClCompile>
    <ClCompile Include="pch.cpp">
      <Filter>소스 파일\Utils</Filter>
    </ClCompile>
    <ClCompile Include="Profiler.cpp">
      <Filter>소스 파일\Utils</Filter>
    </ClCompile>
    <ClCompile Include="RingBuffer.cpp">
      <Filter>소스 파일\DataStructure</Filter>
    </ClCompile>
    <ClCompile Include="Packet.cpp">
      <Filter>소스 파일\DataStructure</Filter>
    </ClCompile>
    <ClCompile Include="PacketPtr.cpp">
      <Filter>소스 파일\DataStructure</Filter>
    </ClCompile>
    <ClCompile Include="MemoryPool.cpp">
      <Filter>소스 파일\Memory</Filter>
    </ClCompile>
    <ClCompile Include="MemoryPoolTLS.cpp">
      <Filter>소스 파일\Memory</Filter>
    </ClCompile>
    <ClCompile Include="Chunk.cpp">
      <Filter>소스 파일\Memory</Filter>
    </ClCompile>
    <ClCompile Include="Global.cpp">
      <Filter>소스 파일\Utils</Filter>
    </ClCompile>
    <ClCompile Include="Parser.cpp">
      <Filter>소스 파일\Utils</Filter>
    </ClCompile>
    <ClCompile Include="Logger.cpp">
      <Filter>소스 파일\Utils</Filter>
    </ClCompile>
  </ItemGroup>
</Project>